{
  "name": "@flatmax/mwc-slider-extended",
  "version": "0.0.1",
  "lockfileVersion": 1,
  "requires": true,
  "dependencies": {
    "@material/animation": {
      "version": "8.0.0-canary.01db89053.0",
      "resolved": "https://registry.npmjs.org/@material/animation/-/animation-8.0.0-canary.01db89053.0.tgz",
      "integrity": "sha512-PWYCJ7cD2OLO/vRDT1RqXK5cfBTEdCv9sg1c50fPxLptz9jvYc49nP2nnfMefpVkcZoC4lbEOBTDojwffArBdQ==",
      "requires": {
        "tslib": "^1.9.3"
      }
    },
    "@material/base": {
      "version": "8.0.0-canary.096a7a066.0",
      "resolved": "https://registry.npmjs.org/@material/base/-/base-8.0.0-canary.096a7a066.0.tgz",
      "integrity": "sha512-y+69zqBP2dt86evkMnFbQPCGYp5su6JBzNyWEa3qtmH0J7pUf+H1879EZabsaFM1Q6ko6IWewlnBx5g8xfoFvg==",
      "requires": {
        "tslib": "^1.9.3"
      }
    },
    "@material/dom": {
      "version": "8.0.0-canary.096a7a066.0",
      "resolved": "https://registry.npmjs.org/@material/dom/-/dom-8.0.0-canary.096a7a066.0.tgz",
      "integrity": "sha512-JfMeg+lORzHouIWBaL8HbfNutH6mAMUHv649TJEZSMIp7lkrBUXnXdJNP1CybqHKqVbNlMAIb41PBJm93tpxUw==",
      "requires": {
        "@material/feature-targeting": "8.0.0-canary.096a7a066.0",
        "tslib": "^1.9.3"
      }
    },
    "@material/feature-targeting": {
      "version": "8.0.0-canary.096a7a066.0",
      "resolved": "https://registry.npmjs.org/@material/feature-targeting/-/feature-targeting-8.0.0-canary.096a7a066.0.tgz",
      "integrity": "sha512-5nxnG08PjdwhrLMNxfeCOImbdEtP/bVveOVr72hdqldHuwfnzNjp0lwWAAh/QZrpJNl4Ve2Cnp/LkRnlOELIkw=="
    },
    "@material/mwc-base": {
      "version": "0.18.0",
      "resolved": "https://registry.npmjs.org/@material/mwc-base/-/mwc-base-0.18.0.tgz",
      "integrity": "sha512-75CuivLaw7lSaIrkPvBaYyD6AwbYEu0M7sgnNAvHK/W5nrK1GViLJIKG87edCHhSRshZVjnDpyDIBJMR7yj03g==",
      "requires": {
        "@material/base": "=8.0.0-canary.096a7a066.0",
        "@material/dom": "=8.0.0-canary.096a7a066.0",
        "lit-element": "^2.3.0",
        "tslib": "^1.10.0"
      }
    },
    "@material/mwc-slider": {
      "version": "0.18.0",
      "resolved": "https://registry.npmjs.org/@material/mwc-slider/-/mwc-slider-0.18.0.tgz",
      "integrity": "sha512-HKJV5PegWJ407jmtoyBl8bjM9oYyAXSGj9i83ykTjRn35+WJ2+4TpWeiDGOvjP+09x0WIzpgdKoBTv4MJKC7ig==",
      "requires": {
        "@material/dom": "=8.0.0-canary.096a7a066.0",
        "@material/mwc-base": "^0.18.0",
        "@material/slider": "=8.0.0-canary.01db89053.0",
        "lit-element": "^2.3.0",
        "lit-html": "^1.1.2",
        "tslib": "^1.10.0"
      }
    },
    "@material/rtl": {
      "version": "8.0.0-canary.01db89053.0",
      "resolved": "https://registry.npmjs.org/@material/rtl/-/rtl-8.0.0-canary.01db89053.0.tgz",
      "integrity": "sha512-06DXk4/s3qMTi5Rt8ZoR/aoPiD76q7li10YGBYWnXbwf407FlEloLp/gEuUOsQ5ppju2oFdHAijbRJRzHv4Nug==",
      "requires": {
        "@material/theme": "8.0.0-canary.01db89053.0"
      }
    },
    "@material/slider": {
      "version": "8.0.0-canary.01db89053.0",
      "resolved": "https://registry.npmjs.org/@material/slider/-/slider-8.0.0-canary.01db89053.0.tgz",
      "integrity": "sha512-5+q7WLC24li3iQXUMx0N8DqOLL8aKLk8uiNkKjbQhLeP8VOFE1spd+3y3KKTKzaC1srAb49WLXsXE3sE/sqDVg==",
      "requires": {
        "@material/animation": "8.0.0-canary.01db89053.0",
        "@material/base": "8.0.0-canary.01db89053.0",
        "@material/dom": "8.0.0-canary.01db89053.0",
        "@material/feature-targeting": "8.0.0-canary.01db89053.0",
        "@material/rtl": "8.0.0-canary.01db89053.0",
        "@material/theme": "8.0.0-canary.01db89053.0",
        "@material/typography": "8.0.0-canary.01db89053.0",
        "tslib": "^1.9.3"
      },
      "dependencies": {
        "@material/base": {
          "version": "8.0.0-canary.01db89053.0",
          "resolved": "https://registry.npmjs.org/@material/base/-/base-8.0.0-canary.01db89053.0.tgz",
          "integrity": "sha512-KldW1JZ7ZFLKMv/fIqd6CFUbl0TZs/hp6hDjixZe4ctUr8+CK2Nms2Kv2YZbJFfW+fnhWhaEpXs8T+5eeIDQYA==",
          "requires": {
            "tslib": "^1.9.3"
          }
        },
        "@material/dom": {
          "version": "8.0.0-canary.01db89053.0",
          "resolved": "https://registry.npmjs.org/@material/dom/-/dom-8.0.0-canary.01db89053.0.tgz",
          "integrity": "sha512-NV2SR1r/cbiyI/pvJMhPUNQwWgFT4eBL+peRnfGvB/X/TwkHJFP3kNJO+0dXTegb4WJMifCxxQR7zb9Ru9jsbw==",
          "requires": {
            "@material/feature-targeting": "8.0.0-canary.01db89053.0",
            "tslib": "^1.9.3"
          }
        },
        "@material/feature-targeting": {
          "version": "8.0.0-canary.01db89053.0",
          "resolved": "https://registry.npmjs.org/@material/feature-targeting/-/feature-targeting-8.0.0-canary.01db89053.0.tgz",
          "integrity": "sha512-PTTe9rMarEhCHQEuRkqwXvU5Y6Q1saRXCcotS5vcyuhnRoYg9CiiBq1T03mW36KJJBwZvTDXNRbIjtLvFQ2adA=="
        }
      }
    },
    "@material/theme": {
      "version": "8.0.0-canary.01db89053.0",
      "resolved": "https://registry.npmjs.org/@material/theme/-/theme-8.0.0-canary.01db89053.0.tgz",
      "integrity": "sha512-XKk188GWzllx/UfnabIFZa273tYuDjmcHD9oqrsHN1gPKV8cC1n6ynGxPNJkVJI+6CO/5ke9Xqe6MmUCoFoivg==",
      "requires": {
        "@material/feature-targeting": "8.0.0-canary.01db89053.0"
      },
      "dependencies": {
        "@material/feature-targeting": {
          "version": "8.0.0-canary.01db89053.0",
          "resolved": "https://registry.npmjs.org/@material/feature-targeting/-/feature-targeting-8.0.0-canary.01db89053.0.tgz",
          "integrity": "sha512-PTTe9rMarEhCHQEuRkqwXvU5Y6Q1saRXCcotS5vcyuhnRoYg9CiiBq1T03mW36KJJBwZvTDXNRbIjtLvFQ2adA=="
        }
      }
    },
    "@material/typography": {
      "version": "8.0.0-canary.01db89053.0",
      "resolved": "https://registry.npmjs.org/@material/typography/-/typography-8.0.0-canary.01db89053.0.tgz",
      "integrity": "sha512-SzlPqvIkToFoisyfkY+Umoxhkl5dr4nNA3CtuBjcYqOsjnUTu0+7iZJWSWdCScGKXnJtVnZjgyTngVqWDGDAZg==",
      "requires": {
        "@material/feature-targeting": "8.0.0-canary.01db89053.0",
        "@material/theme": "8.0.0-canary.01db89053.0"
      },
      "dependencies": {
        "@material/feature-targeting": {
          "version": "8.0.0-canary.01db89053.0",
          "resolved": "https://registry.npmjs.org/@material/feature-targeting/-/feature-targeting-8.0.0-canary.01db89053.0.tgz",
          "integrity": "sha512-PTTe9rMarEhCHQEuRkqwXvU5Y6Q1saRXCcotS5vcyuhnRoYg9CiiBq1T03mW36KJJBwZvTDXNRbIjtLvFQ2adA=="
        }
      }
    },
    "@webcomponents/webcomponentsjs": {
      "version": "2.4.4",
      "resolved": "https://registry.npmjs.org/@webcomponents/webcomponentsjs/-/webcomponentsjs-2.4.4.tgz",
      "integrity": "sha512-UWXZYbaDLLfhm+xONXTiDciyhOSwKRrZieGQHFMSMGSxY4mbjZ5uYzOKgnuX0luYFvjJw32G3r0sCwQZPJIR4Q==",
      "dev": true
    },
    "lit-element": {
      "version": "2.4.0",
      "resolved": "https://registry.npmjs.org/lit-element/-/lit-element-2.4.0.tgz",
      "integrity": "sha512-pBGLglxyhq/Prk2H91nA0KByq/hx/wssJBQFiYqXhGDvEnY31PRGYf1RglVzyLeRysu0IHm2K0P196uLLWmwFg==",
      "requires": {
        "lit-html": "^1.1.1"
      }
    },
    "lit-html": {
      "version": "1.3.0",
      "resolved": "https://registry.npmjs.org/lit-html/-/lit-html-1.3.0.tgz",
      "integrity": "sha512-0Q1bwmaFH9O14vycPHw8C/IeHMk/uSDldVLIefu/kfbTBGIc44KGH6A8p1bDfxUfHdc8q6Ct7kQklWoHgr4t1Q=="
    },
    "tslib": {
      "version": "1.13.0",
      "resolved": "https://registry.npmjs.org/tslib/-/tslib-1.13.0.tgz",
      "integrity": "sha512-i/6DQjL8Xf3be4K/E6Wgpekn5Qasl1usyw++dAA35Ue5orEn65VIxOA+YvNNl9HV3qv70T7CNwjODHZrLwvd1Q=="
    }
  }
}
